
Microsoft Visual Studio Solution File, Format Version 12.00
# Visual Studio Version 17
VisualStudioVersion = 17.2.32519.379
MinimumVisualStudioVersion = 10.0.40219.1
Project("{FAE04EC0-301F-11D3-BF4B-00C04F79EFBC}") = "Cadastro", "Cadastro.csproj", "{CBCD8444-F265-42F9-8229-0154E2443EFA}"
EndProject
Global
	GlobalSection(SolutionConfigurationPlatforms) = preSolution
		Debug|Any CPU = Debug|Any CPU
		Release|Any CPU = Release|Any CPU
	EndGlobalSection
	GlobalSection(ProjectConfigurationPlatforms) = postSolution
		{CBCD8444-F265-42F9-8229-0154E2443EFA}.Debug|Any CPU.ActiveCfg = Debug|Any CPU
		{CBCD8444-F265-42F9-8229-0154E2443EFA}.Debug|Any CPU.Build.0 = Debug|Any CPU
		{CBCD8444-F265-42F9-8229-0154E2443EFA}.Release|Any CPU.ActiveCfg = Release|Any CPU
		{CBCD8444-F265-42F9-8229-0154E2443EFA}.Release|Any CPU.Build.0 = Release|Any CPU
	EndGlobalSection
	GlobalSection(SolutionProperties) = preSolution
		HideSolutionNode = FALSE
	EndGlobalSection
	GlobalSection(ExtensibilityGlobals) = postSolution
		SolutionGuid = {6B3BDC33-30D8-4F70-9B2D-052BDF44CD01}
	EndGlobalSection
EndGlobal
